// !$*UTF8*$!
{
	archiveVersion = 1;
	classes = {
	};
	objectVersion = 56;
	objects = {

/* Begin PBXBuildFile section */
		3C444A5F299F7AB200EA7DB0 /* CFCAppDemoApp.swift in Sources */ = {isa = PBXBuildFile; fileRef = 3C444A5E299F7AB200EA7DB0 /* CFCAppDemoApp.swift */; };
		3C444A61299F7AB200EA7DB0 /* ContentView.swift in Sources */ = {isa = PBXBuildFile; fileRef = 3C444A60299F7AB200EA7DB0 /* ContentView.swift */; };
		3C444A63299F7AB300EA7DB0 /* Assets.xcassets in Resources */ = {isa = PBXBuildFile; fileRef = 3C444A62299F7AB300EA7DB0 /* Assets.xcassets */; };
		3C444A66299F7AB300EA7DB0 /* Preview Assets.xcassets in Resources */ = {isa = PBXBuildFile; fileRef = 3C444A65299F7AB300EA7DB0 /* Preview Assets.xcassets */; };
		3C444A70299F80D800EA7DB0 /* FlightSearchView.swift in Sources */ = {isa = PBXBuildFile; fileRef = 3C444A6F299F80D800EA7DB0 /* FlightSearchView.swift */; };
		3C444A73299F890500EA7DB0 /* FlightSearchViewModel.swift in Sources */ = {isa = PBXBuildFile; fileRef = 3C444A72299F890500EA7DB0 /* FlightSearchViewModel.swift */; };
		3C444A75299F94DD00EA7DB0 /* FlightOffsetView.swift in Sources */ = {isa = PBXBuildFile; fileRef = 3C444A74299F94DD00EA7DB0 /* FlightOffsetView.swift */; };
		3C444A78299FD83600EA7DB0 /* Routes.swift in Sources */ = {isa = PBXBuildFile; fileRef = 3C444A77299FD83600EA7DB0 /* Routes.swift */; };
		3C95917D299FE72D00209074 /* SearchTextField.swift in Sources */ = {isa = PBXBuildFile; fileRef = 3C95917C299FE72D00209074 /* SearchTextField.swift */; };
		3C959180299FEB2C00209074 /* SearchListView.swift in Sources */ = {isa = PBXBuildFile; fileRef = 3C95917F299FEB2C00209074 /* SearchListView.swift */; };
/* End PBXBuildFile section */

/* Begin PBXFileReference section */
		3C444A5B299F7AB200EA7DB0 /* CFCAppDemo.app */ = {isa = PBXFileReference; explicitFileType = wrapper.application; includeInIndex = 0; path = CFCAppDemo.app; sourceTree = BUILT_PRODUCTS_DIR; };
		3C444A5E299F7AB200EA7DB0 /* CFCAppDemoApp.swift */ = {isa = PBXFileReference; lastKnownFileType = sourcecode.swift; path = CFCAppDemoApp.swift; sourceTree = "<group>"; };
		3C444A60299F7AB200EA7DB0 /* ContentView.swift */ = {isa = PBXFileReference; lastKnownFileType = sourcecode.swift; path = ContentView.swift; sourceTree = "<group>"; };
		3C444A62299F7AB300EA7DB0 /* Assets.xcassets */ = {isa = PBXFileReference; lastKnownFileType = folder.assetcatalog; path = Assets.xcassets; sourceTree = "<group>"; };
		3C444A65299F7AB300EA7DB0 /* Preview Assets.xcassets */ = {isa = PBXFileReference; lastKnownFileType = folder.assetcatalog; path = "Preview Assets.xcassets"; sourceTree = "<group>"; };
		3C444A6F299F80D800EA7DB0 /* FlightSearchView.swift */ = {isa = PBXFileReference; lastKnownFileType = sourcecode.swift; path = FlightSearchView.swift; sourceTree = "<group>"; };
		3C444A72299F890500EA7DB0 /* FlightSearchViewModel.swift */ = {isa = PBXFileReference; lastKnownFileType = sourcecode.swift; path = FlightSearchViewModel.swift; sourceTree = "<group>"; };
		3C444A74299F94DD00EA7DB0 /* FlightOffsetView.swift */ = {isa = PBXFileReference; lastKnownFileType = sourcecode.swift; path = FlightOffsetView.swift; sourceTree = "<group>"; };
		3C444A77299FD83600EA7DB0 /* Routes.swift */ = {isa = PBXFileReference; lastKnownFileType = sourcecode.swift; path = Routes.swift; sourceTree = "<group>"; };
		3C95917C299FE72D00209074 /* SearchTextField.swift */ = {isa = PBXFileReference; lastKnownFileType = sourcecode.swift; path = SearchTextField.swift; sourceTree = "<group>"; };
		3C95917F299FEB2C00209074 /* SearchListView.swift */ = {isa = PBXFileReference; lastKnownFileType = sourcecode.swift; path = SearchListView.swift; sourceTree = "<group>"; };
/* End PBXFileReference section */

/* Begin PBXFrameworksBuildPhase section */
		3C444A58299F7AB200EA7DB0 /* Frameworks */ = {
			isa = PBXFrameworksBuildPhase;
			buildActionMask = 2147483647;
			files = (
			);
			runOnlyForDeploymentPostprocessing = 0;
		};
/* End PBXFrameworksBuildPhase section */

/* Begin PBXGroup section */
		3C444A52299F7AB200EA7DB0 = {
			isa = PBXGroup;
			children = (
				3C444A5D299F7AB200EA7DB0 /* CFCAppDemo */,
				3C444A5C299F7AB200EA7DB0 /* Products */,
			);
			sourceTree = "<group>";
		};
		3C444A5C299F7AB200EA7DB0 /* Products */ = {
			isa = PBXGroup;
			children = (
				3C444A5B299F7AB200EA7DB0 /* CFCAppDemo.app */,
			);
			name = Products;
			sourceTree = "<group>";
		};
		3C444A5D299F7AB200EA7DB0 /* CFCAppDemo */ = {
			isa = PBXGroup;
			children = (
				3C444A6C299F7DE600EA7DB0 /* Application */,
				3C444A6E299F7E0D00EA7DB0 /* Assets */,
				3C444A76299FD82800EA7DB0 /* Config */,
				3C444A6D299F7E0000EA7DB0 /* Views */,
				3C444A64299F7AB300EA7DB0 /* Preview Content */,
			);
			path = CFCAppDemo;
			sourceTree = "<group>";
		};
		3C444A64299F7AB300EA7DB0 /* Preview Content */ = {
			isa = PBXGroup;
			children = (
				3C444A65299F7AB300EA7DB0 /* Preview Assets.xcassets */,
			);
			path = "Preview Content";
			sourceTree = "<group>";
		};
		3C444A6C299F7DE600EA7DB0 /* Application */ = {
			isa = PBXGroup;
			children = (
				3C444A5E299F7AB200EA7DB0 /* CFCAppDemoApp.swift */,
			);
			path = Application;
			sourceTree = "<group>";
		};
		3C444A6D299F7E0000EA7DB0 /* Views */ = {
			isa = PBXGroup;
			children = (
				3C95917B299FE70900209074 /* FlightSearch */,
				3C444A60299F7AB200EA7DB0 /* ContentView.swift */,
				3C444A74299F94DD00EA7DB0 /* FlightOffsetView.swift */,
			);
			path = Views;
			sourceTree = "<group>";
		};
		3C444A6E299F7E0D00EA7DB0 /* Assets */ = {
			isa = PBXGroup;
			children = (
				3C444A62299F7AB300EA7DB0 /* Assets.xcassets */,
			);
			path = Assets;
			sourceTree = "<group>";
		};
		3C444A76299FD82800EA7DB0 /* Config */ = {
			isa = PBXGroup;
			children = (
				3C444A77299FD83600EA7DB0 /* Routes.swift */,
			);
			path = Config;
			sourceTree = "<group>";
		};
		3C95917B299FE70900209074 /* FlightSearch */ = {
			isa = PBXGroup;
			children = (
				3C444A6F299F80D800EA7DB0 /* FlightSearchView.swift */,
				3C95917C299FE72D00209074 /* SearchTextField.swift */,
				3C444A72299F890500EA7DB0 /* FlightSearchViewModel.swift */,
				3C95917F299FEB2C00209074 /* SearchListView.swift */,
			);
			path = FlightSearch;
			sourceTree = "<group>";
		};
/* End PBXGroup section */

/* Begin PBXNativeTarget section */
		3C444A5A299F7AB200EA7DB0 /* CFCAppDemo */ = {
			isa = PBXNativeTarget;
			buildConfigurationList = 3C444A69299F7AB300EA7DB0 /* Build configuration list for PBXNativeTarget "CFCAppDemo" */;
			buildPhases = (
				3C444A57299F7AB200EA7DB0 /* Sources */,
				3C444A58299F7AB200EA7DB0 /* Frameworks */,
				3C444A59299F7AB200EA7DB0 /* Resources */,
			);
			buildRules = (
			);
			dependencies = (
			);
			name = CFCAppDemo;
			productName = CFCAppDemo;
			productReference = 3C444A5B299F7AB200EA7DB0 /* CFCAppDemo.app */;
			productType = "com.apple.product-type.application";
		};
/* End PBXNativeTarget section */

/* Begin PBXProject section */
		3C444A53299F7AB200EA7DB0 /* Project object */ = {
			isa = PBXProject;
			attributes = {
				BuildIndependentTargetsInParallel = 1;
				LastSwiftUpdateCheck = 1420;
				LastUpgradeCheck = 1420;
				TargetAttributes = {
					3C444A5A299F7AB200EA7DB0 = {
						CreatedOnToolsVersion = 14.2;
					};
				};
			};
			buildConfigurationList = 3C444A56299F7AB200EA7DB0 /* Build configuration list for PBXProject "CFCAppDemo" */;
			compatibilityVersion = "Xcode 14.0";
			developmentRegion = en;
			hasScannedForEncodings = 0;
			knownRegions = (
				en,
				Base,
			);
			mainGroup = 3C444A52299F7AB200EA7DB0;
			productRefGroup = 3C444A5C299F7AB200EA7DB0 /* Products */;
			projectDirPath = "";
			projectRoot = "";
			targets = (
				3C444A5A299F7AB200EA7DB0 /* CFCAppDemo */,
			);
		};
/* End PBXProject section */

/* Begin PBXResourcesBuildPhase section */
		3C444A59299F7AB200EA7DB0 /* Resources */ = {
			isa = PBXResourcesBuildPhase;
			buildActionMask = 2147483647;
			files = (
				3C444A66299F7AB300EA7DB0 /* Preview Assets.xcassets in Resources */,
				3C444A63299F7AB300EA7DB0 /* Assets.xcassets in Resources */,
			);
			runOnlyForDeploymentPostprocessing = 0;
		};
/* End PBXResourcesBuildPhase section */

/* Begin PBXSourcesBuildPhase section */
		3C444A57299F7AB200EA7DB0 /* Sources */ = {
			isa = PBXSourcesBuildPhase;
			buildActionMask = 2147483647;
			files = (
				3C444A70299F80D800EA7DB0 /* FlightSearchView.swift in Sources */,
				3C444A75299F94DD00EA7DB0 /* FlightOffsetView.swift in Sources */,
				3C444A61299F7AB200EA7DB0 /* ContentView.swift in Sources */,
				3C444A78299FD83600EA7DB0 /* Routes.swift in Sources */,
				3C959180299FEB2C00209074 /* SearchListView.swift in Sources */,
				3C95917D299FE72D00209074 /* SearchTextField.swift in Sources */,
				3C444A5F299F7AB200EA7DB0 /* CFCAppDemoApp.swift in Sources */,
				3C444A73299F890500EA7DB0 /* FlightSearchViewModel.swift in Sources */,
			);
			runOnlyForDeploymentPostprocessing = 0;
		};
/* End PBXSourcesBuildPhase section */

/* Begin XCBuildConfiguration section */
		3C444A67299F7AB300EA7DB0 /* Debug */ = {
			isa = XCBuildConfiguration;
			buildSettings = {
				ALWAYS_SEARCH_USER_PATHS = NO;
				CLANG_ANALYZER_NONNULL = YES;
				CLANG_ANALYZER_NUMBER_OBJECT_CONVERSION = YES_AGGRESSIVE;
				CLANG_CXX_LANGUAGE_STANDARD = "gnu++20";
				CLANG_ENABLE_MODULES = YES;
				CLANG_ENABLE_OBJC_ARC = YES;
				CLANG_ENABLE_OBJC_WEAK = YES;
				CLANG_WARN_BLOCK_CAPTURE_AUTORELEASING = YES;
				CLANG_WARN_BOOL_CONVERSION = YES;
				CLANG_WARN_COMMA = YES;
				CLANG_WARN_CONSTANT_CONVERSION = YES;
				CLANG_WARN_DEPRECATED_OBJC_IMPLEMENTATIONS = YES;
				CLANG_WARN_DIRECT_OBJC_ISA_USAGE = YES_ERROR;
				CLANG_WARN_DOCUMENTATION_COMMENTS = YES;
				CLANG_WARN_EMPTY_BODY = YES;
				CLANG_WARN_ENUM_CONVERSION = YES;
				CLANG_WARN_INFINITE_RECURSION = YES;
				CLANG_WARN_INT_CONVERSION = YES;
				CLANG_WARN_NON_LITERAL_NULL_CONVERSION = YES;
				CLANG_WARN_OBJC_IMPLICIT_RETAIN_SELF = YES;
				CLANG_WARN_OBJC_LITERAL_CONVERSION = YES;
				CLANG_WARN_OBJC_ROOT_CLASS = YES_ERROR;
				CLANG_WARN_QUOTED_INCLUDE_IN_FRAMEWORK_HEADER = YES;
				CLANG_WARN_RANGE_LOOP_ANALYSIS = YES;
				CLANG_WARN_STRICT_PROTOTYPES = YES;
				CLANG_WARN_SUSPICIOUS_MOVE = YES;
				CLANG_WARN_UNGUARDED_AVAILABILITY = YES_AGGRESSIVE;
				CLANG_WARN_UNREACHABLE_CODE = YES;
				CLANG_WARN__DUPLICATE_METHOD_MATCH = YES;
				COPY_PHASE_STRIP = NO;
				DEBUG_INFORMATION_FORMAT = dwarf;
				ENABLE_STRICT_OBJC_MSGSEND = YES;
				ENABLE_TESTABILITY = YES;
				GCC_C_LANGUAGE_STANDARD = gnu11;
				GCC_DYNAMIC_NO_PIC = NO;
				GCC_NO_COMMON_BLOCKS = YES;
				GCC_OPTIMIZATION_LEVEL = 0;
				GCC_PREPROCESSOR_DEFINITIONS = (
					"DEBUG=1",
					"$(inherited)",
				);
				GCC_WARN_64_TO_32_BIT_CONVERSION = YES;
				GCC_WARN_ABOUT_RETURN_TYPE = YES_ERROR;
				GCC_WARN_UNDECLARED_SELECTOR = YES;
				GCC_WARN_UNINITIALIZED_AUTOS = YES_AGGRESSIVE;
				GCC_WARN_UNUSED_FUNCTION = YES;
				GCC_WARN_UNUSED_VARIABLE = YES;
				IPHONEOS_DEPLOYMENT_TARGET = 16.2;
				MTL_ENABLE_DEBUG_INFO = INCLUDE_SOURCE;
				MTL_FAST_MATH = YES;
				ONLY_ACTIVE_ARCH = YES;
				SDKROOT = iphoneos;
				SWIFT_ACTIVE_COMPILATION_CONDITIONS = DEBUG;
				SWIFT_OPTIMIZATION_LEVEL = "-Onone";
			};
			name = Debug;
		};
		3C444A68299F7AB300EA7DB0 /* Release */ = {
			isa = XCBuildConfiguration;
			buildSettings = {
				ALWAYS_SEARCH_USER_PATHS = NO;
				CLANG_ANALYZER_NONNULL = YES;
				CLANG_ANALYZER_NUMBER_OBJECT_CONVERSION = YES_AGGRESSIVE;
				CLANG_CXX_LANGUAGE_STANDARD = "gnu++20";
				CLANG_ENABLE_MODULES = YES;
				CLANG_ENABLE_OBJC_ARC = YES;
				CLANG_ENABLE_OBJC_WEAK = YES;
				CLANG_WARN_BLOCK_CAPTURE_AUTORELEASING = YES;
				CLANG_WARN_BOOL_CONVERSION = YES;
				CLANG_WARN_COMMA = YES;
				CLANG_WARN_CONSTANT_CONVERSION = YES;
				CLANG_WARN_DEPRECATED_OBJC_IMPLEMENTATIONS = YES;
				CLANG_WARN_DIRECT_OBJC_ISA_USAGE = YES_ERROR;
				CLANG_WARN_DOCUMENTATION_COMMENTS = YES;
				CLANG_WARN_EMPTY_BODY = YES;
				CLANG_WARN_ENUM_CONVERSION = YES;
				CLANG_WARN_INFINITE_RECURSION = YES;
				CLANG_WARN_INT_CONVERSION = YES;
				CLANG_WARN_NON_LITERAL_NULL_CONVERSION = YES;
				CLANG_WARN_OBJC_IMPLICIT_RETAIN_SELF = YES;
				CLANG_WARN_OBJC_LITERAL_CONVERSION = YES;
				CLANG_WARN_OBJC_ROOT_CLASS = YES_ERROR;
				CLANG_WARN_QUOTED_INCLUDE_IN_FRAMEWORK_HEADER = YES;
				CLANG_WARN_RANGE_LOOP_ANALYSIS = YES;
				CLANG_WARN_STRICT_PROTOTYPES = YES;
				CLANG_WARN_SUSPICIOUS_MOVE = YES;
				CLANG_WARN_UNGUARDED_AVAILABILITY = YES_AGGRESSIVE;
				CLANG_WARN_UNREACHABLE_CODE = YES;
				CLANG_WARN__DUPLICATE_METHOD_MATCH = YES;
				COPY_PHASE_STRIP = NO;
				DEBUG_INFORMATION_FORMAT = "dwarf-with-dsym";
				ENABLE_NS_ASSERTIONS = NO;
				ENABLE_STRICT_OBJC_MSGSEND = YES;
				GCC_C_LANGUAGE_STANDARD = gnu11;
				GCC_NO_COMMON_BLOCKS = YES;
				GCC_WARN_64_TO_32_BIT_CONVERSION = YES;
				GCC_WARN_ABOUT_RETURN_TYPE = YES_ERROR;
				GCC_WARN_UNDECLARED_SELECTOR = YES;
				GCC_WARN_UNINITIALIZED_AUTOS = YES_AGGRESSIVE;
				GCC_WARN_UNUSED_FUNCTION = YES;
				GCC_WARN_UNUSED_VARIABLE = YES;
				IPHONEOS_DEPLOYMENT_TARGET = 16.2;
				MTL_ENABLE_DEBUG_INFO = NO;
				MTL_FAST_MATH = YES;
				SDKROOT = iphoneos;
				SWIFT_COMPILATION_MODE = wholemodule;
				SWIFT_OPTIMIZATION_LEVEL = "-O";
				VALIDATE_PRODUCT = YES;
			};
			name = Release;
		};
		3C444A6A299F7AB300EA7DB0 /* Debug */ = {
			isa = XCBuildConfiguration;
			buildSettings = {
				ASSETCATALOG_COMPILER_APPICON_NAME = AppIcon;
				ASSETCATALOG_COMPILER_GLOBAL_ACCENT_COLOR_NAME = AccentColor;
				CODE_SIGN_STYLE = Automatic;
				CURRENT_PROJECT_VERSION = 1;
				DEVELOPMENT_ASSET_PATHS = "\"CFCAppDemo/Preview Content\"";
				ENABLE_PREVIEWS = YES;
				GENERATE_INFOPLIST_FILE = YES;
				INFOPLIST_KEY_UIApplicationSceneManifest_Generation = YES;
				INFOPLIST_KEY_UIApplicationSupportsIndirectInputEvents = YES;
				INFOPLIST_KEY_UILaunchScreen_Generation = YES;
				INFOPLIST_KEY_UISupportedInterfaceOrientations_iPad = "UIInterfaceOrientationPortrait UIInterfaceOrientationPortraitUpsideDown UIInterfaceOrientationLandscapeLeft UIInterfaceOrientationLandscapeRight";
				INFOPLIST_KEY_UISupportedInterfaceOrientations_iPhone = "UIInterfaceOrientationPortrait UIInterfaceOrientationLandscapeLeft UIInterfaceOrientationLandscapeRight";
				LD_RUNPATH_SEARCH_PATHS = (
					"$(inherited)",
					"@executable_path/Frameworks",
				);
				MARKETING_VERSION = 1.0;
				PRODUCT_BUNDLE_IDENTIFIER = com.git.CFCAppDemo;
				PRODUCT_NAME = "$(TARGET_NAME)";
				SWIFT_EMIT_LOC_STRINGS = YES;
				SWIFT_VERSION = 5.0;
				TARGETED_DEVICE_FAMILY = "1,2";
			};
			name = Debug;
		};
		3C444A6B299F7AB300EA7DB0 /* Release */ = {
			isa = XCBuildConfiguration;
			buildSettings = {
				ASSETCATALOG_COMPILER_APPICON_NAME = AppIcon;
				ASSETCATALOG_COMPILER_GLOBAL_ACCENT_COLOR_NAME = AccentColor;
				CODE_SIGN_STYLE = Automatic;
				CURRENT_PROJECT_VERSION = 1;
				DEVELOPMENT_ASSET_PATHS = "\"CFCAppDemo/Preview Content\"";
				ENABLE_PREVIEWS = YES;
				GENERATE_INFOPLIST_FILE = YES;
				INFOPLIST_KEY_UIApplicationSceneManifest_Generation = YES;
				INFOPLIST_KEY_UIApplicationSupportsIndirectInputEvents = YES;
				INFOPLIST_KEY_UILaunchScreen_Generation = YES;
				INFOPLIST_KEY_UISupportedInterfaceOrientations_iPad = "UIInterfaceOrientationPortrait UIInterfaceOrientationPortraitUpsideDown UIInterfaceOrientationLandscapeLeft UIInterfaceOrientationLandscapeRight";
				INFOPLIST_KEY_UISupportedInterfaceOrientations_iPhone = "UIInterfaceOrientationPortrait UIInterfaceOrientationLandscapeLeft UIInterfaceOrientationLandscapeRight";
				LD_RUNPATH_SEARCH_PATHS = (
					"$(inherited)",
					"@executable_path/Frameworks",
				);
				MARKETING_VERSION = 1.0;
				PRODUCT_BUNDLE_IDENTIFIER = com.git.CFCAppDemo;
				PRODUCT_NAME = "$(TARGET_NAME)";
				SWIFT_EMIT_LOC_STRINGS = YES;
				SWIFT_VERSION = 5.0;
				TARGETED_DEVICE_FAMILY = "1,2";
			};
			name = Release;
		};
/* End XCBuildConfiguration section */

/* Begin XCConfigurationList section */
		3C444A56299F7AB200EA7DB0 /* Build configuration list for PBXProject "CFCAppDemo" */ = {
			isa = XCConfigurationList;
			buildConfigurations = (
				3C444A67299F7AB300EA7DB0 /* Debug */,
				3C444A68299F7AB300EA7DB0 /* Release */,
			);
			defaultConfigurationIsVisible = 0;
			defaultConfigurationName = Release;
		};
		3C444A69299F7AB300EA7DB0 /* Build configuration list for PBXNativeTarget "CFCAppDemo" */ = {
			isa = XCConfigurationList;
			buildConfigurations = (
				3C444A6A299F7AB300EA7DB0 /* Debug */,
				3C444A6B299F7AB300EA7DB0 /* Release */,
			);
			defaultConfigurationIsVisible = 0;
			defaultConfigurationName = Release;
		};
/* End XCConfigurationList section */
	};
	rootObject = 3C444A53299F7AB200EA7DB0 /* Project object */;
}
